
Microsoft Visual Studio Solution File, Format Version 12.00
# Visual Studio Version 16
VisualStudioVersion = 16.0.31321.278
MinimumVisualStudioVersion = 10.0.40219.1
Project("{9A19103F-16F7-4668-BE54-9A1E7A4F7556}") = "PremierAPI", "PremierAPI.csproj", "{B2DBB23A-A203-4F48-9870-FFD4E230E491}"
EndProject
Project("{FAE04EC0-301F-11D3-BF4B-00C04F79EFBC}") = "PremierAPI.Tests", "PremierAPI.Tests\PremierAPI.Tests.csproj", "{7246201C-3611-4062-A8C3-F24C03EAD04B}"
EndProject
Global
	GlobalSection(SolutionConfigurationPlatforms) = preSolution
		Debug|Any CPU = Debug|Any CPU
		Release|Any CPU = Release|Any CPU
	EndGlobalSection
	GlobalSection(ProjectConfigurationPlatforms) = postSolution
		{B2DBB23A-A203-4F48-9870-FFD4E230E491}.Debug|Any CPU.ActiveCfg = Debug|Any CPU
		{B2DBB23A-A203-4F48-9870-FFD4E230E491}.Debug|Any CPU.Build.0 = Debug|Any CPU
		{B2DBB23A-A203-4F48-9870-FFD4E230E491}.Release|Any CPU.ActiveCfg = Release|Any CPU
		{B2DBB23A-A203-4F48-9870-FFD4E230E491}.Release|Any CPU.Build.0 = Release|Any CPU
		{7246201C-3611-4062-A8C3-F24C03EAD04B}.Debug|Any CPU.ActiveCfg = Debug|Any CPU
		{7246201C-3611-4062-A8C3-F24C03EAD04B}.Debug|Any CPU.Build.0 = Debug|Any CPU
		{7246201C-3611-4062-A8C3-F24C03EAD04B}.Release|Any CPU.ActiveCfg = Release|Any CPU
		{7246201C-3611-4062-A8C3-F24C03EAD04B}.Release|Any CPU.Build.0 = Release|Any CPU
	EndGlobalSection
	GlobalSection(SolutionProperties) = preSolution
		HideSolutionNode = FALSE
	EndGlobalSection
	GlobalSection(ExtensibilityGlobals) = postSolution
		SolutionGuid = {BBD7A467-21B3-49C2-930F-6FD463C2F017}
	EndGlobalSection
EndGlobal
